{
    "_readme": [
        "This file locks the dependencies of your project to a known state",
        "Read more about it at https://getcomposer.org/doc/01-basic-usage.md#composer-lock-the-lock-file",
        "This file is @generated automatically"
    ],
    "content-hash": "13d943025b09ed399b8b270d020fcda1",
    "packages": [
        {
            "name": "linecorp/line-bot-sdk",
            "version": "dev-master",
            "source": {
                "type": "git",
                "url": "https://github.com/line/line-bot-sdk-php.git",
                "reference": "3477716f642509495cd889a1f36d03098b1a4b32"
            },
            "dist": {
                "type": "zip",
                "url": "https://api.github.com/repos/line/line-bot-sdk-php/zipball/3477716f642509495cd889a1f36d03098b1a4b32",
                "reference": "3477716f642509495cd889a1f36d03098b1a4b32",
                "shasum": ""
            },
            "require": {
                "php": ">=5.4"
            },
            "require-dev": {
                "apigen/apigen": "~4.1",
                "indigophp/hash-compat": "~1.1.0",
                "phpmd/phpmd": "~2.4",
                "phpunit/phpunit": "^4.8.24",
                "squizlabs/php_codesniffer": "~2.6"
            },
            "type": "library",
            "autoload": {
                "psr-4": {
                    "LINE\\": "src/"
                }
            },
            "notification-url": "https://packagist.org/downloads/",
            "license": [
                "Apache License Version 2.0"
            ],
            "authors": [
                {
                    "name": "moznion",
                    "email": "moznion@gmail.com"
                },
                {
                    "name": "Satoru Yoshihara",
                    "email": "vaduz0@gmail.com"
                }
            ],
            "description": "SDK of the LINE BOT API for PHP",
            "homepage": "https://github.com/line/line-bot-sdk-php",
            "keywords": [
                "bot",
                "line",
                "sdk"
            ],
            "time": "2017-10-06 08:31:44"
        }
    ],
    "packages-dev": [],
    "aliases": [],
    "minimum-stability": "stable",
    "stability-flags": {
        "linecorp/line-bot-sdk": 20
    },
    "prefer-stable": false,
    "prefer-lowest": false,
    "platform": {
        "php": ">=5.6"
    },
    "platform-dev": []
}
